
Microsoft Visual Studio Solution File, Format Version 12.00
# Visual Studio Version 17
VisualStudioVersion = 17.0.31903.59
MinimumVisualStudioVersion = 10.0.40219.1
Project("{FAE04EC0-301F-11D3-BF4B-00C04F79EFBC}") = "mhwiki.cli", "mhwiki.cli\mhwiki.cli.csproj", "{CC659A65-A9FF-4B9B-BCB5-C078DE132FD3}"
EndProject
Global
	GlobalSection(SolutionConfigurationPlatforms) = preSolution
		Debug|Any CPU = Debug|Any CPU
		Release|Any CPU = Release|Any CPU
	EndGlobalSection
	GlobalSection(ProjectConfigurationPlatforms) = postSolution
		{CC659A65-A9FF-4B9B-BCB5-C078DE132FD3}.Debug|Any CPU.ActiveCfg = Debug|Any CPU
		{CC659A65-A9FF-4B9B-BCB5-C078DE132FD3}.Debug|Any CPU.Build.0 = Debug|Any CPU
		{CC659A65-A9FF-4B9B-BCB5-C078DE132FD3}.Release|Any CPU.ActiveCfg = Release|Any CPU
		{CC659A65-A9FF-4B9B-BCB5-C078DE132FD3}.Release|Any CPU.Build.0 = Release|Any CPU
	EndGlobalSection
	GlobalSection(SolutionProperties) = preSolution
		HideSolutionNode = FALSE
	EndGlobalSection
	GlobalSection(ExtensibilityGlobals) = postSolution
		SolutionGuid = {54134F0C-0120-4F45-B2D3-0DF157C265ED}
	EndGlobalSection
EndGlobal
